# This file is autogenerated, do not edit; changes may be undone by the next 'dep ensure'.


[[projects]]
  digest = "1:8c08dabeec001da3389028236a924397b9e11d4c519439d0135db44f9f21cb0f"
  name = "docker.io/go-docker"
  packages = [
    ".",
    "api",
    "api/types",
    "api/types/blkiodev",
    "api/types/container",
    "api/types/events",
    "api/types/filters",
    "api/types/image",
    "api/types/mount",
    "api/types/network",
    "api/types/registry",
    "api/types/strslice",
    "api/types/swarm",
    "api/types/swarm/runtime",
    "api/types/time",
    "api/types/versions",
    "api/types/volume",
  ]
  pruneopts = "UT"
  revision = "b3f5b5de7bbce0acc6a7fc0a4c2b88db678e262e"
  version = "v1.0.0"

[[projects]]
  digest = "1:f9ae348e1f793dcf9ed930ed47136a67343dbd6809c5c91391322267f4476892"
  name = "github.com/Microsoft/go-winio"
  packages = ["."]
  pruneopts = "UT"
  revision = "97e4973ce50b2ff5f09635a57e2b88a037aae829"
  version = "v0.4.11"

[[projects]]
  digest = "1:ffe9824d294da03b391f44e1ae8281281b4afc1bdaa9588c9097785e3af10cec"
  name = "github.com/davecgh/go-spew"
  packages = ["spew"]
  pruneopts = "UT"
  revision = "8991bc29aa16c548c550c7ff78260e27b9ab7c73"
  version = "v1.1.1"

[[projects]]
  digest = "1:4189ee6a3844f555124d9d2656fe7af02fca961c2a9bad9074789df13a0c62e0"
  name = "github.com/docker/distribution"
  packages = [
    "digestset",
    "reference",
  ]
  pruneopts = "UT"
  revision = "edc3ab29cdff8694dd6feb85cfeb4b5f1b38ed9c"

[[projects]]
  digest = "1:b6b5c3e8da0fb8073cd2886ba249a40f4402b4391ca6eba905a142cceea97a12"
  name = "github.com/docker/go-connections"
  packages = [
    "nat",
    "sockets",
    "tlsconfig",
  ]
  pruneopts = "UT"
  revision = "3ede32e2033de7505e6500d6c868c2b9ed9f169d"
  version = "v0.3.0"

[[projects]]
  digest = "1:6f82cacd0af5921e99bf3f46748705239b36489464f4529a1589bc895764fb18"
  name = "github.com/docker/go-units"
  packages = ["."]
  pruneopts = "UT"
  revision = "47565b4f722fb6ceae66b95f853feed578a4a51c"
  version = "v0.3.3"

[[projects]]
  digest = "1:de4a74b504df31145ffa8ca0c4edbffa2f3eb7f466753962184611b618fa5981"
  name = "github.com/emirpasic/gods"
  packages = [
    "containers",
    "lists",
    "lists/arraylist",
    "trees",
    "trees/binaryheap",
    "utils",
  ]
  pruneopts = "UT"
  revision = "f6c17b524822278a87e3b3bd809fec33b51f5b46"
  version = "v1.9.0"

[[projects]]
  digest = "1:abeb38ade3f32a92943e5be54f55ed6d6e3b6602761d74b4aab4c9dd45c18abd"
  name = "github.com/fsnotify/fsnotify"
  packages = ["."]
  pruneopts = "UT"
  revision = "c2828203cd70a50dcccfb2761f8b1f8ceef9a8e9"
  version = "v1.4.7"

[[projects]]
  digest = "1:44c19b0501d2ae50d64ed0e4ac587c27084bd9f6d591c8fd4695f1f1339e5538"
  name = "github.com/go-kit/kit"
  packages = [
    "endpoint",
    "log",
    "transport/http",
  ]
  pruneopts = "UT"
  revision = "ca4112baa34cb55091301bdc13b1420a122b1b9e"
  version = "v0.7.0"

[[projects]]
  digest = "1:31a18dae27a29aa074515e43a443abfd2ba6deb6d69309d8d7ce789c45f34659"
  name = "github.com/go-logfmt/logfmt"
  packages = ["."]
  pruneopts = "UT"
  revision = "390ab7935ee28ec6b286364bba9b4dd6410cb3d5"
  version = "v0.3.0"

[[projects]]
  digest = "1:b7fc4c3fd91df516486f53cc86f4b55a0c815782dbe852c5a19cce8e6c577aac"
  name = "github.com/go-resty/resty"
  packages = ["."]
  pruneopts = "UT"
  revision = "d4920dcf5b7689548a6db640278a9b35a5b48ec6"
  version = "v1.9.1"

[[projects]]
  digest = "1:586ea76dbd0374d6fb649a91d70d652b7fe0ccffb8910a77468e7702e7901f3d"
  name = "github.com/go-stack/stack"
  packages = ["."]
  pruneopts = "UT"
  revision = "2fee6af1a9795aafbe0253a0cfbdf668e1fb8a9a"
  version = "v1.8.0"

[[projects]]
  digest = "1:f83d740263b44fdeef3e1bce6147b5d7283fcad1a693d39639be33993ecf3db1"
  name = "github.com/gogo/protobuf"
  packages = [
    "proto",
    "sortkeys",
  ]
  pruneopts = "UT"
  revision = "100ba4e885062801d56799d78530b73b178a78f3"
  version = "v0.4"

[[projects]]
  digest = "1:5d1b5a25486fc7d4e133646d834f6fca7ba1cef9903d40e7aa786c41b89e9e91"
  name = "github.com/golang/protobuf"
  packages = [
    "proto",
    "protoc-gen-go/descriptor",
    "ptypes",
    "ptypes/any",
    "ptypes/duration",
    "ptypes/timestamp",
  ]
  pruneopts = "UT"
  revision = "aa810b61a9c79d51363740d207bb46cf8e620ed5"
  version = "v1.2.0"

[[projects]]
  branch = "master"
  digest = "1:4a0c6bb4805508a6287675fac876be2ac1182539ca8a32468d8128882e9d5009"
  name = "github.com/golang/snappy"
  packages = ["."]
  pruneopts = "UT"
  revision = "2e65f85255dbc3072edf28d6b5b8efc472979f5a"

[[projects]]
  digest = "1:c79fb010be38a59d657c48c6ba1d003a8aa651fa56b579d959d74573b7dff8e1"
  name = "github.com/gorilla/context"
  packages = ["."]
  pruneopts = "UT"
  revision = "08b5f424b9271eedf6f9f0ce86cb9396ed337a42"
  version = "v1.1.1"

[[projects]]
  digest = "1:e73f5b0152105f18bc131fba127d9949305c8693f8a762588a82a48f61756f5f"
  name = "github.com/gorilla/mux"
  packages = ["."]
  pruneopts = "UT"
  revision = "e3702bed27f0d39777b0b37b664b6280e8ef8fbf"
  version = "v1.6.2"

[[projects]]
  digest = "1:c0d19ab64b32ce9fe5cf4ddceba78d5bc9807f0016db6b1183599da3dcc24d10"
  name = "github.com/hashicorp/hcl"
  packages = [
    ".",
    "hcl/ast",
    "hcl/parser",
    "hcl/printer",
    "hcl/scanner",
    "hcl/strconv",
    "hcl/token",
    "json/parser",
    "json/scanner",
    "json/token",
  ]
  pruneopts = "UT"
  revision = "8cb6e5b959231cc1119e43259c4a608f9c51a241"
  version = "v1.0.0"

[[projects]]
  branch = "master"
  digest = "1:408d7d9dde8f579370944b9b8396baa1ff95391823e3bdd66968abb3adf92e7d"
  name = "github.com/it-chain/avengers"
  packages = ["mock"]
  pruneopts = "UT"
  revision = "35496cf12fcd437c68a738cae43edf1a06295b65"

[[projects]]
  digest = "1:d4da968c708333a973138cbb8d8d983f4d7f79b4b00e655f7b49e02f5f453847"
  name = "github.com/it-chain/bifrost"
  packages = [
    ".",
    "client",
    "pb",
    "server",
  ]
  pruneopts = "UT"
  revision = "5faee3f2a081ae8d5af2133cd3757b109efc1cfe"
  version = "v0.1.13"

[[projects]]
  digest = "1:0bcb0e788ad02f6ee289a8ca5e21bdc29de60910fd3460bccbc6498f37bc3743"
  name = "github.com/it-chain/heimdall"
  packages = [
    "auth",
    "key",
  ]
  pruneopts = "UT"
  revision = "1998b05cb4fa963aa082271fb40c2e6892af75cf"
  version = "v0.1.3"

[[projects]]
  digest = "1:cde7960c5ad197abbf88392e615ce21f54fe884b815ca186efe43a367263fa1e"
  name = "github.com/it-chain/leveldb-wrapper"
  packages = [
    ".",
    "key_value_db",
  ]
  pruneopts = "UT"
  revision = "3ece449cc1f7b3b934d322e39543485021dabbf0"
  version = "v1.1"

[[projects]]
  digest = "1:ee58ae858cb39e9ef3de2990f3404790f31ce858895b2883adee353ab6660d66"
  name = "github.com/it-chain/midgard"
  packages = ["."]
  pruneopts = "UT"
  revision = "cfaf91f623b0f65430dbef4b00804ab72088f6f3"
  version = "v0.0.4"

[[projects]]
  digest = "1:3a0429d817adfa16eaa8b5768219d76c8708f6c02e466b192f2e27cfcc9a4fac"
  name = "github.com/it-chain/sdk"
  packages = [
    ".",
    "logger",
    "pb",
  ]
  pruneopts = "UT"
  revision = "0fbd8a6c07a8eb087257926d605a7c602c480d54"
  version = "v0.1.1"

[[projects]]
  digest = "1:ffa6f03421fd9bd6d73724a2cbf2830ad575698fcce3d79cef35f16f35a9417c"
  name = "github.com/it-chain/tesseract"
  packages = [
    ".",
    "container",
    "docker",
    "logger",
    "pb",
    "rpc",
  ]
  pruneopts = "UT"
  revision = "820add69878ba6f0a896dffe8fc751eb2169ac4d"
  version = "v0.3.0"

[[projects]]
  digest = "1:92a0759cdad65d0ede663774eb9a25c2397c849c618e4f28e3fba09670ccd69e"
  name = "github.com/it-chain/yggdrasill"
  packages = [
    ".",
    "common",
  ]
  pruneopts = "UT"
  revision = "c51efa6f8546056d2dbbf41b46e33aeb21807ed1"
  version = "0.1.1"

[[projects]]
  digest = "1:fa3a7dc0a780fb19838fb96d4e18c0b9a019d9bb618798308d7b6ca48fcb9876"
  name = "github.com/jbenet/go-base58"
  packages = ["."]
  pruneopts = "UT"
  revision = "6237cf65f3a6f7111cd8a42be3590df99a66bc7d"
  version = "1.0.0"

[[projects]]
  branch = "master"
  digest = "1:62fe3a7ea2050ecbd753a71889026f83d73329337ada66325cbafd5dea5f713d"
  name = "github.com/jbenet/go-context"
  packages = ["io"]
  pruneopts = "UT"
  revision = "d14ea06fba99483203c19d92cfcd13ebe73135f4"

[[projects]]
  digest = "1:a2cff208d4759f6ba1b1cd228587b0a1869f95f22542ec9cd17fff64430113c7"
  name = "github.com/jessevdk/go-flags"
  packages = ["."]
  pruneopts = "UT"
  revision = "c6ca198ec95c841fdb89fc0de7496fed11ab854e"
  version = "v1.4.0"

[[projects]]
  digest = "1:ae5f4d0779a45e2cb3075d8b3ece6c623e171407f4aac83521392ff06d188871"
  name = "github.com/kevinburke/ssh_config"
  packages = ["."]
  pruneopts = "UT"
  revision = "81db2a75821ed34e682567d48be488a1c3121088"
  version = "0.5"

[[projects]]
  branch = "master"
  digest = "1:a64e323dc06b73892e5bb5d040ced475c4645d456038333883f58934abbf6f72"
  name = "github.com/kr/logfmt"
  packages = ["."]
  pruneopts = "UT"
  revision = "b84e30acd515aadc4b783ad4ff83aff3299bdfe0"

[[projects]]
  digest = "1:53e8c5c79716437e601696140e8b1801aae4204f4ec54a504333702a49572c4f"
  name = "github.com/magiconair/properties"
  packages = [
    ".",
    "assert",
  ]
  pruneopts = "UT"
  revision = "c2353362d570a7bfa228149c62842019201cfb71"
  version = "v1.8.0"

[[projects]]
  digest = "1:78bbb1ba5b7c3f2ed0ea1eab57bdd3859aec7e177811563edc41198a760b06af"
  name = "github.com/mitchellh/go-homedir"
  packages = ["."]
  pruneopts = "UT"
  revision = "ae18d6b8b3205b561c79e8e5f69bff09736185f4"
  version = "v1.0.0"

[[projects]]
  digest = "1:645110e089152bd0f4a011a2648fbb0e4df5977be73ca605781157ac297f50c4"
  name = "github.com/mitchellh/mapstructure"
  packages = ["."]
  pruneopts = "UT"
  revision = "fa473d140ef3c6adf42d6b391fe76707f1f243c8"
  version = "v1.0.0"

[[projects]]
  digest = "1:ee4d4af67d93cc7644157882329023ce9a7bcfce956a079069a9405521c7cc8d"
  name = "github.com/opencontainers/go-digest"
  packages = ["."]
  pruneopts = "UT"
  revision = "279bed98673dd5bef374d3b6e4b09e2af76183bf"
  version = "v1.0.0-rc1"

[[projects]]
  digest = "1:11db38d694c130c800d0aefb502fb02519e514dc53d9804ce51d1ad25ec27db6"
  name = "github.com/opencontainers/image-spec"
  packages = [
    "specs-go",
    "specs-go/v1",
  ]
  pruneopts = "UT"
  revision = "d60099175f88c47cd379c4738d158884749ed235"
  version = "v1.0.1"

[[projects]]
  digest = "1:b2ee62e09bec113cf086d2ce0769efcc7bf79481aba8373fd8f7884e94df3462"
  name = "github.com/pelletier/go-buffruneio"
  packages = ["."]
  pruneopts = "UT"
  revision = "c37440a7cf42ac63b919c752ca73a85067e05992"
  version = "v0.2.0"

[[projects]]
  digest = "1:95741de3af260a92cc5c7f3f3061e85273f5a81b5db20d4bd68da74bd521675e"
  name = "github.com/pelletier/go-toml"
  packages = ["."]
  pruneopts = "UT"
  revision = "c01d1270ff3e442a8a57cddc1c92dc1138598194"
  version = "v1.2.0"

[[projects]]
  digest = "1:40e195917a951a8bf867cd05de2a46aaf1806c50cf92eebf4c16f78cd196f747"
  name = "github.com/pkg/errors"
  packages = ["."]
  pruneopts = "UT"
  revision = "645ef00459ed84a119197bfb8d8205042c6df63d"
  version = "v0.8.0"

[[projects]]
  digest = "1:0028cb19b2e4c3112225cd871870f2d9cf49b9b4276531f03438a88e94be86fe"
  name = "github.com/pmezard/go-difflib"
  packages = ["difflib"]
  pruneopts = "UT"
  revision = "792786c7400a136282c1664665ae0a8db921c6c2"
  version = "v1.0.0"

[[projects]]
  digest = "1:2e76a73cb51f42d63a2a1a85b3dc5731fd4faf6821b434bd0ef2c099186031d6"
  name = "github.com/rs/xid"
  packages = ["."]
  pruneopts = "UT"
  revision = "15d26544def341f036c5f8dca987a4cbe575032c"
  version = "v1.2.1"

[[projects]]
  digest = "1:d917313f309bda80d27274d53985bc65651f81a5b66b820749ac7f8ef061fd04"
  name = "github.com/sergi/go-diff"
  packages = ["diffmatchpatch"]
  pruneopts = "UT"
  revision = "1744e2970ca51c86172c8190fadad617561ed6e7"
  version = "v1.0.0"

[[projects]]
  digest = "1:d867dfa6751c8d7a435821ad3b736310c2ed68945d05b50fb9d23aee0540c8cc"
  name = "github.com/sirupsen/logrus"
  packages = ["."]
  pruneopts = "UT"
  revision = "3e01752db0189b9157070a0e1668a620f9a85da2"
  version = "v1.0.6"

[[projects]]
  digest = "1:6a4a11ba764a56d2758899ec6f3848d24698d48442ebce85ee7a3f63284526cd"
  name = "github.com/spf13/afero"
  packages = [
    ".",
    "mem",
  ]
  pruneopts = "UT"
  revision = "d40851caa0d747393da1ffb28f7f9d8b4eeffebd"
  version = "v1.1.2"

[[projects]]
  digest = "1:516e71bed754268937f57d4ecb190e01958452336fa73dbac880894164e91c1f"
  name = "github.com/spf13/cast"
  packages = ["."]
  pruneopts = "UT"
  revision = "8965335b8c7107321228e3e3702cab9832751bac"
  version = "v1.2.0"

[[projects]]
  digest = "1:68ea4e23713989dc20b1bded5d9da2c5f9be14ff9885beef481848edd18c26cb"
  name = "github.com/spf13/jwalterweatherman"
  packages = ["."]
  pruneopts = "UT"
  revision = "4a4406e478ca629068e7768fc33f3f044173c0a6"
  version = "v1.0.0"

[[projects]]
  digest = "1:dab83a1bbc7ad3d7a6ba1a1cc1760f25ac38cdf7d96a5cdd55cd915a4f5ceaf9"
  name = "github.com/spf13/pflag"
  packages = ["."]
  pruneopts = "UT"
  revision = "9a97c102cda95a86cec2345a6f09f55a939babf5"
  version = "v1.0.2"

[[projects]]
  digest = "1:6e30a27eac59a148b3f7a32e0ba54706b31dcde5a42f63b22cb47873b62fa343"
  name = "github.com/spf13/viper"
  packages = ["."]
  pruneopts = "UT"
  revision = "8fb642006536c8d3760c99d4fa2389f5e2205631"
  version = "v1.2.0"

[[projects]]
  digest = "1:3681df693b35e7df9937dbd54b9f179aee5b54f4a28f72ad191e87038e6ffcab"
  name = "github.com/src-d/gcfg"
  packages = [
    ".",
    "scanner",
    "token",
    "types",
  ]
  pruneopts = "UT"
  revision = "f187355171c936ac84a82793659ebb4936bc1c23"
  version = "v1.3.0"

[[projects]]
  branch = "master"
  digest = "1:0c088044c1c1ee83e723692442df4fec9b3f2e57f7a99773485c97adfbc31695"
  name = "github.com/streadway/amqp"
  packages = ["."]
  pruneopts = "UT"
  revision = "70e15c650864f4fc47f5d3c82ea117285480895d"

[[projects]]
  digest = "1:18752d0b95816a1b777505a97f71c7467a8445b8ffb55631a7bf779f6ba4fa83"
  name = "github.com/stretchr/testify"
  packages = ["assert"]
  pruneopts = "UT"
  revision = "f35b8ab0b5a2cef36673838d662e249dd9c94686"
  version = "v1.2.2"

[[projects]]
  branch = "master"
  digest = "1:f2ffd421680b0a3f7887501b3c6974bcf19217ecd301d0e2c9b681940ec363d5"
  name = "github.com/syndtr/goleveldb"
  packages = [
    "leveldb",
    "leveldb/cache",
    "leveldb/comparer",
    "leveldb/errors",
    "leveldb/filter",
    "leveldb/iterator",
    "leveldb/journal",
    "leveldb/memdb",
    "leveldb/opt",
    "leveldb/storage",
    "leveldb/table",
    "leveldb/util",
  ]
  pruneopts = "UT"
  revision = "ae2bd5eed72d46b28834ec3f60db3a3ebedd8dbd"

[[projects]]
  digest = "1:b24d38b282bacf9791408a080f606370efa3d364e4b5fd9ba0f7b87786d3b679"
  name = "github.com/urfave/cli"
  packages = ["."]
  pruneopts = "UT"
  revision = "cfb38830724cc34fedffe9a2a29fb54fa9169cd1"
  version = "v1.20.0"

[[projects]]
  digest = "1:afc0b8068986a01e2d8f449917829753a54f6bd4d1265c2b4ad9cba75560020f"
  name = "github.com/xanzy/ssh-agent"
  packages = ["."]
  pruneopts = "UT"
  revision = "640f0ab560aeb89d523bb6ac322b1244d5c3796c"
  version = "v0.2.0"

[[projects]]
  digest = "1:3c1a69cdae3501bf75e76d0d86dc6f2b0a7421bc205c0cb7b96b19eed464a34d"
  name = "go.uber.org/atomic"
  packages = ["."]
  pruneopts = "UT"
  revision = "1ea20fb1cbb1cc08cbd0d913a96dead89aa18289"
  version = "v1.3.2"

[[projects]]
  digest = "1:15b8c7dfaa421c7a5f4a9ccdee8eef607adc8f3d77812fa8f413833cc0d2871a"
  name = "go.uber.org/dig"
  packages = [
    ".",
    "internal/digreflect",
    "internal/dot",
  ]
  pruneopts = "UT"
  revision = "d6ba99365e475c24e8ac02392eb3f78ccab2a6f3"
  version = "v1.4.0"

[[projects]]
  digest = "1:e8ff8ed2000bbf5f363e27ca67cd8b857c4ede0a68ed77b19e8beb460a5b6e6b"
  name = "go.uber.org/fx"
  packages = [
    ".",
    "internal/fxlog",
    "internal/fxreflect",
    "internal/lifecycle",
  ]
  pruneopts = "UT"
  revision = "b156a883a62423b7d9ab651d1689c42c4d788787"
  version = "v1.7.0"

[[projects]]
  digest = "1:60bf2a5e347af463c42ed31a493d817f8a72f102543060ed992754e689805d1a"
  name = "go.uber.org/multierr"
  packages = ["."]
  pruneopts = "UT"
  revision = "3c4937480c32f4c13a875a1829af76c98ca3d40a"
  version = "v1.1.0"

[[projects]]
  branch = "master"
  digest = "1:c8fb12145d5a0a2d64ca70170c847a9c97cf6de78661a9f1906623c63574e3cd"
  name = "golang.org/x/crypto"
  packages = [
    "cast5",
    "curve25519",
    "ed25519",
    "ed25519/internal/edwards25519",
    "internal/chacha20",
    "internal/subtle",
    "openpgp",
    "openpgp/armor",
    "openpgp/elgamal",
    "openpgp/errors",
    "openpgp/packet",
    "openpgp/s2k",
    "poly1305",
    "ssh",
    "ssh/agent",
    "ssh/knownhosts",
    "ssh/terminal",
  ]
  pruneopts = "UT"
  revision = "0e37d006457bf46f9e6692014ba72ef82c33022c"

[[projects]]
  branch = "master"
  digest = "1:9947b1772a720ee64d1647bf60096c7b14bd5a0473f906387a068a0e6ba7fa84"
  name = "golang.org/x/net"
  packages = [
    "context",
    "context/ctxhttp",
    "http/httpguts",
    "http2",
    "http2/hpack",
    "idna",
    "internal/socks",
    "internal/timeseries",
    "proxy",
    "publicsuffix",
    "trace",
  ]
  pruneopts = "UT"
  revision = "26e67e76b6c3f6ce91f7c52def5af501b4e0f3a2"

[[projects]]
  branch = "master"
  digest = "1:374fc90fcb026e9a367e3fad29e988e5dd944b68ca3f24a184d77abc5307dda4"
  name = "golang.org/x/sys"
  packages = [
    "unix",
    "windows",
  ]
  pruneopts = "UT"
  revision = "d0be0721c37eeb5299f245a996a483160fc36940"

[[projects]]
  digest = "1:a2ab62866c75542dd18d2b069fec854577a20211d7c0ea6ae746072a1dccdd18"
  name = "golang.org/x/text"
  packages = [
    "collate",
    "collate/build",
    "internal/colltab",
    "internal/gen",
    "internal/tag",
    "internal/triegen",
    "internal/ucd",
    "language",
    "secure/bidirule",
    "transform",
    "unicode/bidi",
    "unicode/cldr",
    "unicode/norm",
    "unicode/rangetable",
  ]
  pruneopts = "UT"
  revision = "f21a4dfb5e38f5895301dc265a8def02365cc3d0"
  version = "v0.3.0"

[[projects]]
  branch = "master"
  digest = "1:9cc1d3de11a1b6994eb01fe3cf81db064470d0fd39a37475f53a396aa5e8622c"
  name = "google.golang.org/genproto"
  packages = ["googleapis/rpc/status"]
  pruneopts = "UT"
  revision = "5a2fd4cab2d6d4a18e70c34937662526cd0c4bd1"

[[projects]]
  digest = "1:dc0c170b110c22d9a4eccf08ab58490608053eac450bf456f3aaf9b30a668781"
  name = "google.golang.org/grpc"
  packages = [
    ".",
    "balancer",
    "balancer/base",
    "balancer/roundrobin",
    "codes",
    "connectivity",
    "credentials",
    "encoding",
    "encoding/proto",
    "grpclog",
    "internal",
    "internal/backoff",
    "internal/channelz",
    "internal/envconfig",
    "internal/grpcrand",
    "internal/transport",
    "keepalive",
    "metadata",
    "naming",
    "peer",
    "reflection",
    "reflection/grpc_reflection_v1alpha",
    "resolver",
    "resolver/dns",
    "resolver/passthrough",
    "stats",
    "status",
    "tap",
  ]
  pruneopts = "UT"
  revision = "8dea3dc473e90c8179e519d91302d0597c0ca1d1"
  version = "v1.15.0"

[[projects]]
  digest = "1:b7fc4c3fd91df516486f53cc86f4b55a0c815782dbe852c5a19cce8e6c577aac"
  name = "gopkg.in/resty.v1"
  packages = ["."]
  pruneopts = "UT"
  revision = "d4920dcf5b7689548a6db640278a9b35a5b48ec6"
  version = "v1.9.1"

[[projects]]
  digest = "1:2c69bd327969215d23e928e5e7243700c59fff05f558401675107dcf15e438db"
  name = "gopkg.in/src-d/go-billy.v4"
  packages = [
    ".",
    "helper/chroot",
    "helper/polyfill",
    "osfs",
    "util",
  ]
  pruneopts = "UT"
  revision = "59952543636f55de3f860b477b615093d5c2c3e4"
  version = "v4.2.1"

[[projects]]
  digest = "1:336779a462e14e1802fef62517172dee311db2224f62391167f969cea6637a7d"
  name = "gopkg.in/src-d/go-git.v4"
  packages = [
    ".",
    "config",
    "internal/revision",
    "plumbing",
    "plumbing/cache",
    "plumbing/filemode",
    "plumbing/format/config",
    "plumbing/format/diff",
    "plumbing/format/gitignore",
    "plumbing/format/idxfile",
    "plumbing/format/index",
    "plumbing/format/objfile",
    "plumbing/format/packfile",
    "plumbing/format/pktline",
    "plumbing/object",
    "plumbing/protocol/packp",
    "plumbing/protocol/packp/capability",
    "plumbing/protocol/packp/sideband",
    "plumbing/revlist",
    "plumbing/storer",
    "plumbing/transport",
    "plumbing/transport/client",
    "plumbing/transport/file",
    "plumbing/transport/git",
    "plumbing/transport/http",
    "plumbing/transport/internal/common",
    "plumbing/transport/server",
    "plumbing/transport/ssh",
    "storage",
    "storage/filesystem",
    "storage/filesystem/dotgit",
    "storage/memory",
    "utils/binary",
    "utils/diff",
    "utils/ioutil",
    "utils/merkletrie",
    "utils/merkletrie/filesystem",
    "utils/merkletrie/index",
    "utils/merkletrie/internal/frame",
    "utils/merkletrie/noder",
  ]
  pruneopts = "UT"
  revision = "d3cec13ac0b195bfb897ed038a08b5130ab9969e"
  version = "v4.7.0"

[[projects]]
  digest = "1:78d374b493e747afa9fbb2119687e3740a7fb8d0ebabddfef0a012593aaecbb3"
  name = "gopkg.in/warnings.v0"
  packages = ["."]
  pruneopts = "UT"
  revision = "ec4a0fea49c7b46c2aeb0b51aac55779c607e52b"
  version = "v0.1.2"

[[projects]]
  digest = "1:342378ac4dcb378a5448dd723f0784ae519383532f5e70ade24132c4c8693202"
  name = "gopkg.in/yaml.v2"
  packages = ["."]
  pruneopts = "UT"
  revision = "5420a8b6744d3b0345ab293f6fcba19c978f1183"
  version = "v2.2.1"

[solve-meta]
  analyzer-name = "dep"
  analyzer-version = 1
  input-imports = [
    "github.com/go-kit/kit/endpoint",
    "github.com/go-kit/kit/log",
    "github.com/go-kit/kit/transport/http",
    "github.com/go-resty/resty",
    "github.com/gogo/protobuf/sortkeys",
    "github.com/gorilla/mux",
    "github.com/it-chain/avengers/mock",
    "github.com/it-chain/bifrost",
    "github.com/it-chain/bifrost/client",
    "github.com/it-chain/bifrost/pb",
    "github.com/it-chain/bifrost/server",
    "github.com/it-chain/heimdall/key",
    "github.com/it-chain/leveldb-wrapper",
    "github.com/it-chain/midgard",
    "github.com/it-chain/sdk",
    "github.com/it-chain/sdk/logger",
    "github.com/it-chain/sdk/pb",
    "github.com/it-chain/tesseract",
    "github.com/it-chain/tesseract/container",
    "github.com/it-chain/tesseract/pb",
    "github.com/it-chain/yggdrasill",
    "github.com/it-chain/yggdrasill/common",
    "github.com/jessevdk/go-flags",
    "github.com/magiconair/properties/assert",
    "github.com/pkg/errors",
    "github.com/rs/xid",
    "github.com/sirupsen/logrus",
    "github.com/spf13/viper",
    "github.com/streadway/amqp",
    "github.com/stretchr/testify/assert",
    "github.com/urfave/cli",
    "go.uber.org/fx",
    "gopkg.in/resty.v1",
    "gopkg.in/src-d/go-git.v4",
    "gopkg.in/src-d/go-git.v4/plumbing",
    "gopkg.in/src-d/go-git.v4/plumbing/transport/ssh",
    "gopkg.in/yaml.v2",
  ]
  solver-name = "gps-cdcl"
  solver-version = 1
